
Microsoft Visual Studio Solution File, Format Version 12.00
# Visual Studio 2013
VisualStudioVersion = 12.0.21005.1
MinimumVisualStudioVersion = 10.0.40219.1
Project("{FAE04EC0-301F-11D3-BF4B-00C04F79EFBC}") = "RepositoryPattern", "RepositoryPattern\RepositoryPattern.csproj", "{4DAB9F48-F3FA-478C-82AC-ABDA9F6989BC}"
EndProject
Project("{2150E333-8FDC-42A3-9474-1A3956D46DE8}") = "DataAccessLayer", "DataAccessLayer", "{BB703DC8-4045-41C1-8770-3313B8E2ED41}"
EndProject
Project("{2150E333-8FDC-42A3-9474-1A3956D46DE8}") = "Web", "Web", "{E1D6681B-F26C-4BB1-9C80-7541D332422F}"
EndProject
Project("{FAE04EC0-301F-11D3-BF4B-00C04F79EFBC}") = "Repository_Database", "Repository_Database\Repository_Database.csproj", "{BB70F3A7-069A-4D3A-ACFB-181A612DEFF7}"
EndProject
Project("{FAE04EC0-301F-11D3-BF4B-00C04F79EFBC}") = "RepositoryPattern_RepoInterfaces", "RepositoryPattern_RepoInterfaces\RepositoryPattern_RepoInterfaces.csproj", "{82AD30E9-12A6-466D-88D0-B0770870AE52}"
EndProject
Project("{FAE04EC0-301F-11D3-BF4B-00C04F79EFBC}") = "RepositoryPattern_RepoClasses", "RepositoryPattern_RepoClasses\RepositoryPattern_RepoClasses.csproj", "{8EBC5492-D764-465E-B147-09F3280F7D33}"
EndProject
Global
	GlobalSection(SolutionConfigurationPlatforms) = preSolution
		Debug|Any CPU = Debug|Any CPU
		Release|Any CPU = Release|Any CPU
	EndGlobalSection
	GlobalSection(ProjectConfigurationPlatforms) = postSolution
		{4DAB9F48-F3FA-478C-82AC-ABDA9F6989BC}.Debug|Any CPU.ActiveCfg = Debug|Any CPU
		{4DAB9F48-F3FA-478C-82AC-ABDA9F6989BC}.Debug|Any CPU.Build.0 = Debug|Any CPU
		{4DAB9F48-F3FA-478C-82AC-ABDA9F6989BC}.Release|Any CPU.ActiveCfg = Release|Any CPU
		{4DAB9F48-F3FA-478C-82AC-ABDA9F6989BC}.Release|Any CPU.Build.0 = Release|Any CPU
		{BB70F3A7-069A-4D3A-ACFB-181A612DEFF7}.Debug|Any CPU.ActiveCfg = Debug|Any CPU
		{BB70F3A7-069A-4D3A-ACFB-181A612DEFF7}.Debug|Any CPU.Build.0 = Debug|Any CPU
		{BB70F3A7-069A-4D3A-ACFB-181A612DEFF7}.Release|Any CPU.ActiveCfg = Release|Any CPU
		{BB70F3A7-069A-4D3A-ACFB-181A612DEFF7}.Release|Any CPU.Build.0 = Release|Any CPU
		{82AD30E9-12A6-466D-88D0-B0770870AE52}.Debug|Any CPU.ActiveCfg = Debug|Any CPU
		{82AD30E9-12A6-466D-88D0-B0770870AE52}.Debug|Any CPU.Build.0 = Debug|Any CPU
		{82AD30E9-12A6-466D-88D0-B0770870AE52}.Release|Any CPU.ActiveCfg = Release|Any CPU
		{82AD30E9-12A6-466D-88D0-B0770870AE52}.Release|Any CPU.Build.0 = Release|Any CPU
		{8EBC5492-D764-465E-B147-09F3280F7D33}.Debug|Any CPU.ActiveCfg = Debug|Any CPU
		{8EBC5492-D764-465E-B147-09F3280F7D33}.Debug|Any CPU.Build.0 = Debug|Any CPU
		{8EBC5492-D764-465E-B147-09F3280F7D33}.Release|Any CPU.ActiveCfg = Release|Any CPU
		{8EBC5492-D764-465E-B147-09F3280F7D33}.Release|Any CPU.Build.0 = Release|Any CPU
	EndGlobalSection
	GlobalSection(SolutionProperties) = preSolution
		HideSolutionNode = FALSE
	EndGlobalSection
	GlobalSection(NestedProjects) = preSolution
		{BB70F3A7-069A-4D3A-ACFB-181A612DEFF7} = {BB703DC8-4045-41C1-8770-3313B8E2ED41}
		{82AD30E9-12A6-466D-88D0-B0770870AE52} = {BB703DC8-4045-41C1-8770-3313B8E2ED41}
		{8EBC5492-D764-465E-B147-09F3280F7D33} = {BB703DC8-4045-41C1-8770-3313B8E2ED41}
		{4DAB9F48-F3FA-478C-82AC-ABDA9F6989BC} = {E1D6681B-F26C-4BB1-9C80-7541D332422F}
	EndGlobalSection
EndGlobal
